
Microsoft Visual Studio Solution File, Format Version 12.00
# Visual Studio Version 16
VisualStudioVersion = 16.0.31402.337
MinimumVisualStudioVersion = 10.0.40219.1
Project("{FAE04EC0-301F-11D3-BF4B-00C04F79EFBC}") = "AstroCalc", "AstroCalc\AstroCalc.csproj", "{91FB721B-19B7-4F7F-BC84-34F7B8D80A4F}"
EndProject
Project("{FAE04EC0-301F-11D3-BF4B-00C04F79EFBC}") = "AstroCalcTests", "AstroCalcTests\AstroCalcTests.csproj", "{3D0A4A0A-9F59-4362-B6F1-2CFB1D27F1E9}"
EndProject
Project("{FAE04EC0-301F-11D3-BF4B-00C04F79EFBC}") = "ArduinoSerialLink", "ArduinoSerialLink\ArduinoSerialLink.csproj", "{F7F4156C-3A7B-4677-9973-C3E2192DF01F}"
EndProject
Project("{FAE04EC0-301F-11D3-BF4B-00C04F79EFBC}") = "WebCalc", "WebCalc\WebCalc.csproj", "{9527D4FF-9B70-4C47-8039-F7FBA36CCC37}"
EndProject
Project("{FAE04EC0-301F-11D3-BF4B-00C04F79EFBC}") = "cAstroCalc", "cAstroCalc\cAstroCalc.csproj", "{FFD3AF7C-6D69-4199-87DB-5E0349F9A857}"
EndProject
Global
	GlobalSection(SolutionConfigurationPlatforms) = preSolution
		Debug|Any CPU = Debug|Any CPU
		Release|Any CPU = Release|Any CPU
	EndGlobalSection
	GlobalSection(ProjectConfigurationPlatforms) = postSolution
		{91FB721B-19B7-4F7F-BC84-34F7B8D80A4F}.Debug|Any CPU.ActiveCfg = Debug|Any CPU
		{91FB721B-19B7-4F7F-BC84-34F7B8D80A4F}.Debug|Any CPU.Build.0 = Debug|Any CPU
		{91FB721B-19B7-4F7F-BC84-34F7B8D80A4F}.Release|Any CPU.ActiveCfg = Release|Any CPU
		{91FB721B-19B7-4F7F-BC84-34F7B8D80A4F}.Release|Any CPU.Build.0 = Release|Any CPU
		{3D0A4A0A-9F59-4362-B6F1-2CFB1D27F1E9}.Debug|Any CPU.ActiveCfg = Debug|Any CPU
		{3D0A4A0A-9F59-4362-B6F1-2CFB1D27F1E9}.Debug|Any CPU.Build.0 = Debug|Any CPU
		{3D0A4A0A-9F59-4362-B6F1-2CFB1D27F1E9}.Release|Any CPU.ActiveCfg = Release|Any CPU
		{3D0A4A0A-9F59-4362-B6F1-2CFB1D27F1E9}.Release|Any CPU.Build.0 = Release|Any CPU
		{F7F4156C-3A7B-4677-9973-C3E2192DF01F}.Debug|Any CPU.ActiveCfg = Debug|Any CPU
		{F7F4156C-3A7B-4677-9973-C3E2192DF01F}.Debug|Any CPU.Build.0 = Debug|Any CPU
		{F7F4156C-3A7B-4677-9973-C3E2192DF01F}.Release|Any CPU.ActiveCfg = Release|Any CPU
		{F7F4156C-3A7B-4677-9973-C3E2192DF01F}.Release|Any CPU.Build.0 = Release|Any CPU
		{9527D4FF-9B70-4C47-8039-F7FBA36CCC37}.Debug|Any CPU.ActiveCfg = Debug|Any CPU
		{9527D4FF-9B70-4C47-8039-F7FBA36CCC37}.Debug|Any CPU.Build.0 = Debug|Any CPU
		{9527D4FF-9B70-4C47-8039-F7FBA36CCC37}.Release|Any CPU.ActiveCfg = Release|Any CPU
		{9527D4FF-9B70-4C47-8039-F7FBA36CCC37}.Release|Any CPU.Build.0 = Release|Any CPU
		{FFD3AF7C-6D69-4199-87DB-5E0349F9A857}.Debug|Any CPU.ActiveCfg = Debug|Any CPU
		{FFD3AF7C-6D69-4199-87DB-5E0349F9A857}.Debug|Any CPU.Build.0 = Debug|Any CPU
		{FFD3AF7C-6D69-4199-87DB-5E0349F9A857}.Release|Any CPU.ActiveCfg = Release|Any CPU
		{FFD3AF7C-6D69-4199-87DB-5E0349F9A857}.Release|Any CPU.Build.0 = Release|Any CPU
	EndGlobalSection
	GlobalSection(SolutionProperties) = preSolution
		HideSolutionNode = FALSE
	EndGlobalSection
	GlobalSection(ExtensibilityGlobals) = postSolution
		SolutionGuid = {2D4E445B-DE7B-407D-A401-9910FE260B26}
	EndGlobalSection
EndGlobal
